
Microsoft Visual Studio Solution File, Format Version 12.00
# Visual Studio 15
VisualStudioVersion = 15.0.28307.136
MinimumVisualStudioVersion = 10.0.40219.1
Project("{2150E333-8FDC-42A3-9474-1A3956D46DE8}") = "Services", "Services", "{67E8B98D-07CF-43C1-8E45-A2C11224A44D}"
EndProject
Project("{2150E333-8FDC-42A3-9474-1A3956D46DE8}") = "Presentation", "Presentation", "{3E87B6A3-482A-4CA2-A71F-B63A799CD527}"
EndProject
Project("{2150E333-8FDC-42A3-9474-1A3956D46DE8}") = "DAL", "DAL", "{781AA8B7-D2DD-4604-9EDC-232CC83E92F6}"
EndProject
Project("{2150E333-8FDC-42A3-9474-1A3956D46DE8}") = "BLL", "BLL", "{63D42AF6-42BA-4A98-8BD8-5A41EE8C5EB1}"
EndProject
Project("{FAE04EC0-301F-11D3-BF4B-00C04F79EFBC}") = "VentaDeLibros.WindowsFormApp1", "VentaDeLibros.WindowsFormApp1\VentaDeLibros.WindowsFormApp1.csproj", "{6A71426F-17F0-488C-A34F-652172C0FF6C}"
EndProject
Project("{9A19103F-16F7-4668-BE54-9A1E7A4F7556}") = "VentaDeLibros.BLL", "VentaDeLibros.BLL\VentaDeLibros.BLL.csproj", "{8301719A-2E83-413B-BA92-6CDBA5088097}"
EndProject
Project("{9A19103F-16F7-4668-BE54-9A1E7A4F7556}") = "VentaDeLibros.DAL", "VentaDeLibros.DAL\VentaDeLibros.DAL.csproj", "{FF1A88F1-7FD9-403C-A70A-79C82206B785}"
EndProject
Global
	GlobalSection(SolutionConfigurationPlatforms) = preSolution
		Debug|Any CPU = Debug|Any CPU
		Release|Any CPU = Release|Any CPU
	EndGlobalSection
	GlobalSection(ProjectConfigurationPlatforms) = postSolution
		{6A71426F-17F0-488C-A34F-652172C0FF6C}.Debug|Any CPU.ActiveCfg = Debug|Any CPU
		{6A71426F-17F0-488C-A34F-652172C0FF6C}.Debug|Any CPU.Build.0 = Debug|Any CPU
		{6A71426F-17F0-488C-A34F-652172C0FF6C}.Release|Any CPU.ActiveCfg = Release|Any CPU
		{6A71426F-17F0-488C-A34F-652172C0FF6C}.Release|Any CPU.Build.0 = Release|Any CPU
		{8301719A-2E83-413B-BA92-6CDBA5088097}.Debug|Any CPU.ActiveCfg = Debug|Any CPU
		{8301719A-2E83-413B-BA92-6CDBA5088097}.Debug|Any CPU.Build.0 = Debug|Any CPU
		{8301719A-2E83-413B-BA92-6CDBA5088097}.Release|Any CPU.ActiveCfg = Release|Any CPU
		{8301719A-2E83-413B-BA92-6CDBA5088097}.Release|Any CPU.Build.0 = Release|Any CPU
		{FF1A88F1-7FD9-403C-A70A-79C82206B785}.Debug|Any CPU.ActiveCfg = Debug|Any CPU
		{FF1A88F1-7FD9-403C-A70A-79C82206B785}.Debug|Any CPU.Build.0 = Debug|Any CPU
		{FF1A88F1-7FD9-403C-A70A-79C82206B785}.Release|Any CPU.ActiveCfg = Release|Any CPU
		{FF1A88F1-7FD9-403C-A70A-79C82206B785}.Release|Any CPU.Build.0 = Release|Any CPU
	EndGlobalSection
	GlobalSection(SolutionProperties) = preSolution
		HideSolutionNode = FALSE
	EndGlobalSection
	GlobalSection(NestedProjects) = preSolution
		{6A71426F-17F0-488C-A34F-652172C0FF6C} = {3E87B6A3-482A-4CA2-A71F-B63A799CD527}
		{8301719A-2E83-413B-BA92-6CDBA5088097} = {63D42AF6-42BA-4A98-8BD8-5A41EE8C5EB1}
		{FF1A88F1-7FD9-403C-A70A-79C82206B785} = {781AA8B7-D2DD-4604-9EDC-232CC83E92F6}
	EndGlobalSection
	GlobalSection(ExtensibilityGlobals) = postSolution
		SolutionGuid = {9514D783-EF92-418A-91E8-D79E635C6AAA}
	EndGlobalSection
EndGlobal
